
Microsoft Visual Studio Solution File, Format Version 12.00
# Visual Studio Version 17
VisualStudioVersion = 17.0.31903.59
MinimumVisualStudioVersion = 10.0.40219.1
Project("{FAE04EC0-301F-11D3-BF4B-00C04F79EFBC}") = "BenchmarkSpeedTest", "ConsoleApp3\BenchmarkSpeedTest.csproj", "{7F8FE8BE-73AF-404F-A683-90ACB203EF36}"
EndProject
Global
	GlobalSection(SolutionConfigurationPlatforms) = preSolution
		Debug|Any CPU = Debug|Any CPU
		Release|Any CPU = Release|Any CPU
	EndGlobalSection
	GlobalSection(ProjectConfigurationPlatforms) = postSolution
		{7F8FE8BE-73AF-404F-A683-90ACB203EF36}.Debug|Any CPU.ActiveCfg = Debug|Any CPU
		{7F8FE8BE-73AF-404F-A683-90ACB203EF36}.Debug|Any CPU.Build.0 = Debug|Any CPU
		{7F8FE8BE-73AF-404F-A683-90ACB203EF36}.Release|Any CPU.ActiveCfg = Release|Any CPU
		{7F8FE8BE-73AF-404F-A683-90ACB203EF36}.Release|Any CPU.Build.0 = Release|Any CPU
	EndGlobalSection
	GlobalSection(SolutionProperties) = preSolution
		HideSolutionNode = FALSE
	EndGlobalSection
	GlobalSection(ExtensibilityGlobals) = postSolution
		SolutionGuid = {AB5EA42E-6790-44B6-8CF8-E0276689D7CD}
	EndGlobalSection
EndGlobal
